// !$*UTF8*$!
{
	archiveVersion = 1;
	classes = {
	};
	objectVersion = 46;
	objects = {

/* Begin PBXBuildFile section */
		00BA128DE367D0C59290606F /* Pods_QTableKit_Example.framework in Frameworks */ = {isa = PBXBuildFile; fileRef = BD80E1D7AC3545ABA82827FA /* Pods_QTableKit_Example.framework */; };
		3652E33C289D5832000C7173 /* ByHelperDemoViewController.swift in Sources */ = {isa = PBXBuildFile; fileRef = 3652E31F289D5832000C7173 /* ByHelperDemoViewController.swift */; };
		3652E33D289D5832000C7173 /* TableKitLabelXibAutoModel.swift in Sources */ = {isa = PBXBuildFile; fileRef = 3652E321289D5832000C7173 /* TableKitLabelXibAutoModel.swift */; };
		3652E33E289D5832000C7173 /* LabelFrameCell.swift in Sources */ = {isa = PBXBuildFile; fileRef = 3652E322289D5832000C7173 /* LabelFrameCell.swift */; };
		3652E33F289D5832000C7173 /* AutoCellHeightViewController.swift in Sources */ = {isa = PBXBuildFile; fileRef = 3652E323289D5832000C7173 /* AutoCellHeightViewController.swift */; };
		3652E340289D5832000C7173 /* TableKitLabelXibAutoCell.xib in Resources */ = {isa = PBXBuildFile; fileRef = 3652E324289D5832000C7173 /* TableKitLabelXibAutoCell.xib */; };
		3652E341289D5832000C7173 /* TableKitLabelXibAutoCell.swift in Sources */ = {isa = PBXBuildFile; fileRef = 3652E325289D5832000C7173 /* TableKitLabelXibAutoCell.swift */; };
		3652E342289D5832000C7173 /* RootViewController.swift in Sources */ = {isa = PBXBuildFile; fileRef = 3652E326289D5832000C7173 /* RootViewController.swift */; };
		3652E343289D5832000C7173 /* TableKitSingleButtonCell.xib in Resources */ = {isa = PBXBuildFile; fileRef = 3652E328289D5832000C7173 /* TableKitSingleButtonCell.xib */; };
		3652E344289D5832000C7173 /* TableKitTextFieldCell.swift in Sources */ = {isa = PBXBuildFile; fileRef = 3652E329289D5832000C7173 /* TableKitTextFieldCell.swift */; };
		3652E345289D5832000C7173 /* TableKitSingleButtonCell.swift in Sources */ = {isa = PBXBuildFile; fileRef = 3652E32A289D5832000C7173 /* TableKitSingleButtonCell.swift */; };
		3652E346289D5832000C7173 /* TableKitSwitchModel.swift in Sources */ = {isa = PBXBuildFile; fileRef = 3652E32B289D5832000C7173 /* TableKitSwitchModel.swift */; };
		3652E347289D5832000C7173 /* LoginDemoController.swift in Sources */ = {isa = PBXBuildFile; fileRef = 3652E32C289D5832000C7173 /* LoginDemoController.swift */; };
		3652E348289D5832000C7173 /* TableKitTextFieldCell.xib in Resources */ = {isa = PBXBuildFile; fileRef = 3652E32D289D5832000C7173 /* TableKitTextFieldCell.xib */; };
		3652E349289D5832000C7173 /* TableKitSwitchCell.swift in Sources */ = {isa = PBXBuildFile; fileRef = 3652E32E289D5832000C7173 /* TableKitSwitchCell.swift */; };
		3652E34A289D5832000C7173 /* TableKitTextFieldModel.swift in Sources */ = {isa = PBXBuildFile; fileRef = 3652E32F289D5832000C7173 /* TableKitTextFieldModel.swift */; };
		3652E34B289D5832000C7173 /* BaseTableKitViewController.swift in Sources */ = {isa = PBXBuildFile; fileRef = 3652E330289D5832000C7173 /* BaseTableKitViewController.swift */; };
		3652E34C289D5832000C7173 /* TableKitSwitchCell.xib in Resources */ = {isa = PBXBuildFile; fileRef = 3652E331289D5832000C7173 /* TableKitSwitchCell.xib */; };
		3652E354289D5832000C7173 /* AppDelegate.swift in Sources */ = {isa = PBXBuildFile; fileRef = 3652E33A289D5832000C7173 /* AppDelegate.swift */; };
		3652E355289D5832000C7173 /* MacroUI.swift in Sources */ = {isa = PBXBuildFile; fileRef = 3652E33B289D5832000C7173 /* MacroUI.swift */; };
		607FACDD1AFB9204008FA782 /* Images.xcassets in Resources */ = {isa = PBXBuildFile; fileRef = 607FACDC1AFB9204008FA782 /* Images.xcassets */; };
		607FACE01AFB9204008FA782 /* LaunchScreen.xib in Resources */ = {isa = PBXBuildFile; fileRef = 607FACDE1AFB9204008FA782 /* LaunchScreen.xib */; };
/* End PBXBuildFile section */

/* Begin PBXFileReference section */
		230F4A0FA819499A81F6B64B /* Pods-QTableKit_Tests.release.xcconfig */ = {isa = PBXFileReference; includeInIndex = 1; lastKnownFileType = text.xcconfig; name = "Pods-QTableKit_Tests.release.xcconfig"; path = "Target Support Files/Pods-QTableKit_Tests/Pods-QTableKit_Tests.release.xcconfig"; sourceTree = "<group>"; };
		3652E31D289D5831000C7173 /* QTableKit_Example-Bridging-Header.h */ = {isa = PBXFileReference; lastKnownFileType = sourcecode.c.h; path = "QTableKit_Example-Bridging-Header.h"; sourceTree = "<group>"; };
		3652E31F289D5832000C7173 /* ByHelperDemoViewController.swift */ = {isa = PBXFileReference; fileEncoding = 4; lastKnownFileType = sourcecode.swift; path = ByHelperDemoViewController.swift; sourceTree = "<group>"; };
		3652E321289D5832000C7173 /* TableKitLabelXibAutoModel.swift */ = {isa = PBXFileReference; fileEncoding = 4; lastKnownFileType = sourcecode.swift; path = TableKitLabelXibAutoModel.swift; sourceTree = "<group>"; };
		3652E322289D5832000C7173 /* LabelFrameCell.swift */ = {isa = PBXFileReference; fileEncoding = 4; lastKnownFileType = sourcecode.swift; path = LabelFrameCell.swift; sourceTree = "<group>"; };
		3652E323289D5832000C7173 /* AutoCellHeightViewController.swift */ = {isa = PBXFileReference; fileEncoding = 4; lastKnownFileType = sourcecode.swift; path = AutoCellHeightViewController.swift; sourceTree = "<group>"; };
		3652E324289D5832000C7173 /* TableKitLabelXibAutoCell.xib */ = {isa = PBXFileReference; fileEncoding = 4; lastKnownFileType = file.xib; path = TableKitLabelXibAutoCell.xib; sourceTree = "<group>"; };
		3652E325289D5832000C7173 /* TableKitLabelXibAutoCell.swift */ = {isa = PBXFileReference; fileEncoding = 4; lastKnownFileType = sourcecode.swift; path = TableKitLabelXibAutoCell.swift; sourceTree = "<group>"; };
		3652E326289D5832000C7173 /* RootViewController.swift */ = {isa = PBXFileReference; fileEncoding = 4; lastKnownFileType = sourcecode.swift; path = RootViewController.swift; sourceTree = "<group>"; };
		3652E328289D5832000C7173 /* TableKitSingleButtonCell.xib */ = {isa = PBXFileReference; fileEncoding = 4; lastKnownFileType = file.xib; path = TableKitSingleButtonCell.xib; sourceTree = "<group>"; };
		3652E329289D5832000C7173 /* TableKitTextFieldCell.swift */ = {isa = PBXFileReference; fileEncoding = 4; lastKnownFileType = sourcecode.swift; path = TableKitTextFieldCell.swift; sourceTree = "<group>"; };
		3652E32A289D5832000C7173 /* TableKitSingleButtonCell.swift */ = {isa = PBXFileReference; fileEncoding = 4; lastKnownFileType = sourcecode.swift; path = TableKitSingleButtonCell.swift; sourceTree = "<group>"; };
		3652E32B289D5832000C7173 /* TableKitSwitchModel.swift */ = {isa = PBXFileReference; fileEncoding = 4; lastKnownFileType = sourcecode.swift; path = TableKitSwitchModel.swift; sourceTree = "<group>"; };
		3652E32C289D5832000C7173 /* LoginDemoController.swift */ = {isa = PBXFileReference; fileEncoding = 4; lastKnownFileType = sourcecode.swift; path = LoginDemoController.swift; sourceTree = "<group>"; };
		3652E32D289D5832000C7173 /* TableKitTextFieldCell.xib */ = {isa = PBXFileReference; fileEncoding = 4; lastKnownFileType = file.xib; path = TableKitTextFieldCell.xib; sourceTree = "<group>"; };
		3652E32E289D5832000C7173 /* TableKitSwitchCell.swift */ = {isa = PBXFileReference; fileEncoding = 4; lastKnownFileType = sourcecode.swift; path = TableKitSwitchCell.swift; sourceTree = "<group>"; };
		3652E32F289D5832000C7173 /* TableKitTextFieldModel.swift */ = {isa = PBXFileReference; fileEncoding = 4; lastKnownFileType = sourcecode.swift; path = TableKitTextFieldModel.swift; sourceTree = "<group>"; };
		3652E330289D5832000C7173 /* BaseTableKitViewController.swift */ = {isa = PBXFileReference; fileEncoding = 4; lastKnownFileType = sourcecode.swift; path = BaseTableKitViewController.swift; sourceTree = "<group>"; };
		3652E331289D5832000C7173 /* TableKitSwitchCell.xib */ = {isa = PBXFileReference; fileEncoding = 4; lastKnownFileType = file.xib; path = TableKitSwitchCell.xib; sourceTree = "<group>"; };
		3652E33A289D5832000C7173 /* AppDelegate.swift */ = {isa = PBXFileReference; fileEncoding = 4; lastKnownFileType = sourcecode.swift; path = AppDelegate.swift; sourceTree = "<group>"; };
		3652E33B289D5832000C7173 /* MacroUI.swift */ = {isa = PBXFileReference; fileEncoding = 4; lastKnownFileType = sourcecode.swift; path = MacroUI.swift; sourceTree = "<group>"; };
		41C9F2C8E25A8893CD18F9A1 /* QTableKit.podspec */ = {isa = PBXFileReference; includeInIndex = 1; lastKnownFileType = text; name = QTableKit.podspec; path = ../QTableKit.podspec; sourceTree = "<group>"; xcLanguageSpecificationIdentifier = xcode.lang.ruby; };
		5BB95BB70CE55D991F1422DC /* Pods_QTableKit_Tests.framework */ = {isa = PBXFileReference; explicitFileType = wrapper.framework; includeInIndex = 0; path = Pods_QTableKit_Tests.framework; sourceTree = BUILT_PRODUCTS_DIR; };
		607FACD01AFB9204008FA782 /* QTableKit_Example.app */ = {isa = PBXFileReference; explicitFileType = wrapper.application; includeInIndex = 0; path = QTableKit_Example.app; sourceTree = BUILT_PRODUCTS_DIR; };
		607FACD41AFB9204008FA782 /* Info.plist */ = {isa = PBXFileReference; lastKnownFileType = text.plist.xml; path = Info.plist; sourceTree = "<group>"; };
		607FACDC1AFB9204008FA782 /* Images.xcassets */ = {isa = PBXFileReference; lastKnownFileType = folder.assetcatalog; path = Images.xcassets; sourceTree = "<group>"; };
		607FACDF1AFB9204008FA782 /* Base */ = {isa = PBXFileReference; lastKnownFileType = file.xib; name = Base; path = Base.lproj/LaunchScreen.xib; sourceTree = "<group>"; };
		607FACEA1AFB9204008FA782 /* Info.plist */ = {isa = PBXFileReference; lastKnownFileType = text.plist.xml; path = Info.plist; sourceTree = "<group>"; };
		607FACEB1AFB9204008FA782 /* Tests.swift */ = {isa = PBXFileReference; lastKnownFileType = sourcecode.swift; path = Tests.swift; sourceTree = "<group>"; };
		8E6EC061E8F0B36FE351D1B4 /* README.md */ = {isa = PBXFileReference; includeInIndex = 1; lastKnownFileType = net.daringfireball.markdown; name = README.md; path = ../README.md; sourceTree = "<group>"; };
		ACB4AE3263DB1BADDEC84B87 /* LICENSE */ = {isa = PBXFileReference; includeInIndex = 1; lastKnownFileType = text; name = LICENSE; path = ../LICENSE; sourceTree = "<group>"; };
		AD13ED5450B2020137418152 /* Pods-QTableKit_Example.release.xcconfig */ = {isa = PBXFileReference; includeInIndex = 1; lastKnownFileType = text.xcconfig; name = "Pods-QTableKit_Example.release.xcconfig"; path = "Target Support Files/Pods-QTableKit_Example/Pods-QTableKit_Example.release.xcconfig"; sourceTree = "<group>"; };
		BD80E1D7AC3545ABA82827FA /* Pods_QTableKit_Example.framework */ = {isa = PBXFileReference; explicitFileType = wrapper.framework; includeInIndex = 0; path = Pods_QTableKit_Example.framework; sourceTree = BUILT_PRODUCTS_DIR; };
		E91F0F17920139DD87B4DEA4 /* Pods-QTableKit_Tests.debug.xcconfig */ = {isa = PBXFileReference; includeInIndex = 1; lastKnownFileType = text.xcconfig; name = "Pods-QTableKit_Tests.debug.xcconfig"; path = "Target Support Files/Pods-QTableKit_Tests/Pods-QTableKit_Tests.debug.xcconfig"; sourceTree = "<group>"; };
		FFE0E5150D0A102C79AE65DA /* Pods-QTableKit_Example.debug.xcconfig */ = {isa = PBXFileReference; includeInIndex = 1; lastKnownFileType = text.xcconfig; name = "Pods-QTableKit_Example.debug.xcconfig"; path = "Target Support Files/Pods-QTableKit_Example/Pods-QTableKit_Example.debug.xcconfig"; sourceTree = "<group>"; };
/* End PBXFileReference section */

/* Begin PBXFrameworksBuildPhase section */
		607FACCD1AFB9204008FA782 /* Frameworks */ = {
			isa = PBXFrameworksBuildPhase;
			buildActionMask = 2147483647;
			files = (
				00BA128DE367D0C59290606F /* Pods_QTableKit_Example.framework in Frameworks */,
			);
			runOnlyForDeploymentPostprocessing = 0;
		};
/* End PBXFrameworksBuildPhase section */

/* Begin PBXGroup section */
		3652E31E289D5832000C7173 /* HelperDemo */ = {
			isa = PBXGroup;
			children = (
				3652E31F289D5832000C7173 /* ByHelperDemoViewController.swift */,
			);
			path = HelperDemo;
			sourceTree = "<group>";
		};
		3652E320289D5832000C7173 /* AutoCellHeightDemo */ = {
			isa = PBXGroup;
			children = (
				3652E323289D5832000C7173 /* AutoCellHeightViewController.swift */,
				3652E322289D5832000C7173 /* LabelFrameCell.swift */,
				3652E325289D5832000C7173 /* TableKitLabelXibAutoCell.swift */,
				3652E324289D5832000C7173 /* TableKitLabelXibAutoCell.xib */,
				3652E321289D5832000C7173 /* TableKitLabelXibAutoModel.swift */,
			);
			path = AutoCellHeightDemo;
			sourceTree = "<group>";
		};
		3652E327289D5832000C7173 /* LoginDemo */ = {
			isa = PBXGroup;
			children = (
				3652E330289D5832000C7173 /* BaseTableKitViewController.swift */,
				3652E32C289D5832000C7173 /* LoginDemoController.swift */,
				3652E32A289D5832000C7173 /* TableKitSingleButtonCell.swift */,
				3652E328289D5832000C7173 /* TableKitSingleButtonCell.xib */,
				3652E32E289D5832000C7173 /* TableKitSwitchCell.swift */,
				3652E331289D5832000C7173 /* TableKitSwitchCell.xib */,
				3652E32B289D5832000C7173 /* TableKitSwitchModel.swift */,
				3652E329289D5832000C7173 /* TableKitTextFieldCell.swift */,
				3652E32D289D5832000C7173 /* TableKitTextFieldCell.xib */,
				3652E32F289D5832000C7173 /* TableKitTextFieldModel.swift */,
			);
			path = LoginDemo;
			sourceTree = "<group>";
		};
		607FACC71AFB9204008FA782 = {
			isa = PBXGroup;
			children = (
				607FACF51AFB993E008FA782 /* Podspec Metadata */,
				607FACD21AFB9204008FA782 /* Example for QTableKit */,
				607FACE81AFB9204008FA782 /* Tests */,
				607FACD11AFB9204008FA782 /* Products */,
				86183D9929DF7ECAAFE59A4E /* Pods */,
				C17F5D67AAE1B833075601A8 /* Frameworks */,
			);
			sourceTree = "<group>";
		};
		607FACD11AFB9204008FA782 /* Products */ = {
			isa = PBXGroup;
			children = (
				607FACD01AFB9204008FA782 /* QTableKit_Example.app */,
			);
			name = Products;
			sourceTree = "<group>";
		};
		607FACD21AFB9204008FA782 /* Example for QTableKit */ = {
			isa = PBXGroup;
			children = (
				3652E33A289D5832000C7173 /* AppDelegate.swift */,
				3652E320289D5832000C7173 /* AutoCellHeightDemo */,
				3652E31E289D5832000C7173 /* HelperDemo */,
				3652E327289D5832000C7173 /* LoginDemo */,
				3652E33B289D5832000C7173 /* MacroUI.swift */,
				3652E326289D5832000C7173 /* RootViewController.swift */,
				607FACDC1AFB9204008FA782 /* Images.xcassets */,
				607FACDE1AFB9204008FA782 /* LaunchScreen.xib */,
				607FACD31AFB9204008FA782 /* Supporting Files */,
				3652E31D289D5831000C7173 /* QTableKit_Example-Bridging-Header.h */,
			);
			name = "Example for QTableKit";
			path = QTableKit;
			sourceTree = "<group>";
		};
		607FACD31AFB9204008FA782 /* Supporting Files */ = {
			isa = PBXGroup;
			children = (
				607FACD41AFB9204008FA782 /* Info.plist */,
			);
			name = "Supporting Files";
			sourceTree = "<group>";
		};
		607FACE81AFB9204008FA782 /* Tests */ = {
			isa = PBXGroup;
			children = (
				607FACEB1AFB9204008FA782 /* Tests.swift */,
				607FACE91AFB9204008FA782 /* Supporting Files */,
			);
			path = Tests;
			sourceTree = "<group>";
		};
		607FACE91AFB9204008FA782 /* Supporting Files */ = {
			isa = PBXGroup;
			children = (
				607FACEA1AFB9204008FA782 /* Info.plist */,
			);
			name = "Supporting Files";
			sourceTree = "<group>";
		};
		607FACF51AFB993E008FA782 /* Podspec Metadata */ = {
			isa = PBXGroup;
			children = (
				41C9F2C8E25A8893CD18F9A1 /* QTableKit.podspec */,
				8E6EC061E8F0B36FE351D1B4 /* README.md */,
				ACB4AE3263DB1BADDEC84B87 /* LICENSE */,
			);
			name = "Podspec Metadata";
			sourceTree = "<group>";
		};
		86183D9929DF7ECAAFE59A4E /* Pods */ = {
			isa = PBXGroup;
			children = (
				FFE0E5150D0A102C79AE65DA /* Pods-QTableKit_Example.debug.xcconfig */,
				AD13ED5450B2020137418152 /* Pods-QTableKit_Example.release.xcconfig */,
				E91F0F17920139DD87B4DEA4 /* Pods-QTableKit_Tests.debug.xcconfig */,
				230F4A0FA819499A81F6B64B /* Pods-QTableKit_Tests.release.xcconfig */,
			);
			path = Pods;
			sourceTree = "<group>";
		};
		C17F5D67AAE1B833075601A8 /* Frameworks */ = {
			isa = PBXGroup;
			children = (
				BD80E1D7AC3545ABA82827FA /* Pods_QTableKit_Example.framework */,
				5BB95BB70CE55D991F1422DC /* Pods_QTableKit_Tests.framework */,
			);
			name = Frameworks;
			sourceTree = "<group>";
		};
/* End PBXGroup section */

/* Begin PBXNativeTarget section */
		607FACCF1AFB9204008FA782 /* QTableKit_Example */ = {
			isa = PBXNativeTarget;
			buildConfigurationList = 607FACEF1AFB9204008FA782 /* Build configuration list for PBXNativeTarget "QTableKit_Example" */;
			buildPhases = (
				204F441CD2F19B5F86025076 /* [CP] Check Pods Manifest.lock */,
				607FACCC1AFB9204008FA782 /* Sources */,
				607FACCD1AFB9204008FA782 /* Frameworks */,
				607FACCE1AFB9204008FA782 /* Resources */,
				E1CA999DEC9FC4FD0043511D /* [CP] Embed Pods Frameworks */,
			);
			buildRules = (
			);
			dependencies = (
			);
			name = QTableKit_Example;
			productName = QTableKit;
			productReference = 607FACD01AFB9204008FA782 /* QTableKit_Example.app */;
			productType = "com.apple.product-type.application";
		};
/* End PBXNativeTarget section */

/* Begin PBXProject section */
		607FACC81AFB9204008FA782 /* Project object */ = {
			isa = PBXProject;
			attributes = {
				LastSwiftUpdateCheck = 0830;
				LastUpgradeCheck = 0830;
				ORGANIZATIONNAME = CocoaPods;
				TargetAttributes = {
					607FACCF1AFB9204008FA782 = {
						CreatedOnToolsVersion = 6.3.1;
						DevelopmentTeam = P73AC4F3PP;
						LastSwiftMigration = 1320;
						ProvisioningStyle = Automatic;
					};
				};
			};
			buildConfigurationList = 607FACCB1AFB9204008FA782 /* Build configuration list for PBXProject "QTableKit" */;
			compatibilityVersion = "Xcode 3.2";
			developmentRegion = English;
			hasScannedForEncodings = 0;
			knownRegions = (
				English,
				en,
				Base,
			);
			mainGroup = 607FACC71AFB9204008FA782;
			productRefGroup = 607FACD11AFB9204008FA782 /* Products */;
			projectDirPath = "";
			projectRoot = "";
			targets = (
				607FACCF1AFB9204008FA782 /* QTableKit_Example */,
			);
		};
/* End PBXProject section */

/* Begin PBXResourcesBuildPhase section */
		607FACCE1AFB9204008FA782 /* Resources */ = {
			isa = PBXResourcesBuildPhase;
			buildActionMask = 2147483647;
			files = (
				607FACE01AFB9204008FA782 /* LaunchScreen.xib in Resources */,
				3652E340289D5832000C7173 /* TableKitLabelXibAutoCell.xib in Resources */,
				607FACDD1AFB9204008FA782 /* Images.xcassets in Resources */,
				3652E343289D5832000C7173 /* TableKitSingleButtonCell.xib in Resources */,
				3652E348289D5832000C7173 /* TableKitTextFieldCell.xib in Resources */,
				3652E34C289D5832000C7173 /* TableKitSwitchCell.xib in Resources */,
			);
			runOnlyForDeploymentPostprocessing = 0;
		};
/* End PBXResourcesBuildPhase section */

/* Begin PBXShellScriptBuildPhase section */
		204F441CD2F19B5F86025076 /* [CP] Check Pods Manifest.lock */ = {
			isa = PBXShellScriptBuildPhase;
			buildActionMask = 2147483647;
			files = (
			);
			inputFileListPaths = (
			);
			inputPaths = (
				"${PODS_PODFILE_DIR_PATH}/Podfile.lock",
				"${PODS_ROOT}/Manifest.lock",
			);
			name = "[CP] Check Pods Manifest.lock";
			outputFileListPaths = (
			);
			outputPaths = (
				"$(DERIVED_FILE_DIR)/Pods-QTableKit_Example-checkManifestLockResult.txt",
			);
			runOnlyForDeploymentPostprocessing = 0;
			shellPath = /bin/sh;
			shellScript = "diff \"${PODS_PODFILE_DIR_PATH}/Podfile.lock\" \"${PODS_ROOT}/Manifest.lock\" > /dev/null\nif [ $? != 0 ] ; then\n    # print error to STDERR\n    echo \"error: The sandbox is not in sync with the Podfile.lock. Run 'pod install' or update your CocoaPods installation.\" >&2\n    exit 1\nfi\n# This output is used by Xcode 'outputs' to avoid re-running this script phase.\necho \"SUCCESS\" > \"${SCRIPT_OUTPUT_FILE_0}\"\n";
			showEnvVarsInLog = 0;
		};
		E1CA999DEC9FC4FD0043511D /* [CP] Embed Pods Frameworks */ = {
			isa = PBXShellScriptBuildPhase;
			buildActionMask = 2147483647;
			files = (
			);
			inputPaths = (
				"${PODS_ROOT}/Target Support Files/Pods-QTableKit_Example/Pods-QTableKit_Example-frameworks.sh",
				"${BUILT_PRODUCTS_DIR}/QTableKit/QTableKit.framework",
			);
			name = "[CP] Embed Pods Frameworks";
			outputPaths = (
				"${TARGET_BUILD_DIR}/${FRAMEWORKS_FOLDER_PATH}/QTableKit.framework",
			);
			runOnlyForDeploymentPostprocessing = 0;
			shellPath = /bin/sh;
			shellScript = "\"${PODS_ROOT}/Target Support Files/Pods-QTableKit_Example/Pods-QTableKit_Example-frameworks.sh\"\n";
			showEnvVarsInLog = 0;
		};
/* End PBXShellScriptBuildPhase section */

/* Begin PBXSourcesBuildPhase section */
		607FACCC1AFB9204008FA782 /* Sources */ = {
			isa = PBXSourcesBuildPhase;
			buildActionMask = 2147483647;
			files = (
				3652E341289D5832000C7173 /* TableKitLabelXibAutoCell.swift in Sources */,
				3652E34A289D5832000C7173 /* TableKitTextFieldModel.swift in Sources */,
				3652E349289D5832000C7173 /* TableKitSwitchCell.swift in Sources */,
				3652E33C289D5832000C7173 /* ByHelperDemoViewController.swift in Sources */,
				3652E355289D5832000C7173 /* MacroUI.swift in Sources */,
				3652E344289D5832000C7173 /* TableKitTextFieldCell.swift in Sources */,
				3652E34B289D5832000C7173 /* BaseTableKitViewController.swift in Sources */,
				3652E342289D5832000C7173 /* RootViewController.swift in Sources */,
				3652E33E289D5832000C7173 /* LabelFrameCell.swift in Sources */,
				3652E33F289D5832000C7173 /* AutoCellHeightViewController.swift in Sources */,
				3652E347289D5832000C7173 /* LoginDemoController.swift in Sources */,
				3652E33D289D5832000C7173 /* TableKitLabelXibAutoModel.swift in Sources */,
				3652E354289D5832000C7173 /* AppDelegate.swift in Sources */,
				3652E345289D5832000C7173 /* TableKitSingleButtonCell.swift in Sources */,
				3652E346289D5832000C7173 /* TableKitSwitchModel.swift in Sources */,
			);
			runOnlyForDeploymentPostprocessing = 0;
		};
/* End PBXSourcesBuildPhase section */

/* Begin PBXVariantGroup section */
		607FACDE1AFB9204008FA782 /* LaunchScreen.xib */ = {
			isa = PBXVariantGroup;
			children = (
				607FACDF1AFB9204008FA782 /* Base */,
			);
			name = LaunchScreen.xib;
			sourceTree = "<group>";
		};
/* End PBXVariantGroup section */

/* Begin XCBuildConfiguration section */
		607FACED1AFB9204008FA782 /* Debug */ = {
			isa = XCBuildConfiguration;
			buildSettings = {
				ALWAYS_SEARCH_USER_PATHS = NO;
				CLANG_CXX_LANGUAGE_STANDARD = "gnu++0x";
				CLANG_CXX_LIBRARY = "libc++";
				CLANG_ENABLE_MODULES = YES;
				CLANG_ENABLE_OBJC_ARC = YES;
				CLANG_WARN_BLOCK_CAPTURE_AUTORELEASING = YES;
				CLANG_WARN_BOOL_CONVERSION = YES;
				CLANG_WARN_COMMA = YES;
				CLANG_WARN_CONSTANT_CONVERSION = YES;
				CLANG_WARN_DIRECT_OBJC_ISA_USAGE = YES_ERROR;
				CLANG_WARN_EMPTY_BODY = YES;
				CLANG_WARN_ENUM_CONVERSION = YES;
				CLANG_WARN_INFINITE_RECURSION = YES;
				CLANG_WARN_INT_CONVERSION = YES;
				CLANG_WARN_NON_LITERAL_NULL_CONVERSION = YES;
				CLANG_WARN_OBJC_LITERAL_CONVERSION = YES;
				CLANG_WARN_OBJC_ROOT_CLASS = YES_ERROR;
				CLANG_WARN_RANGE_LOOP_ANALYSIS = YES;
				CLANG_WARN_STRICT_PROTOTYPES = YES;
				CLANG_WARN_SUSPICIOUS_MOVE = YES;
				CLANG_WARN_UNREACHABLE_CODE = YES;
				CLANG_WARN__DUPLICATE_METHOD_MATCH = YES;
				"CODE_SIGN_IDENTITY[sdk=iphoneos*]" = "iPhone Developer";
				COPY_PHASE_STRIP = NO;
				DEBUG_INFORMATION_FORMAT = "dwarf-with-dsym";
				ENABLE_STRICT_OBJC_MSGSEND = YES;
				ENABLE_TESTABILITY = YES;
				GCC_C_LANGUAGE_STANDARD = gnu99;
				GCC_DYNAMIC_NO_PIC = NO;
				GCC_NO_COMMON_BLOCKS = YES;
				GCC_OPTIMIZATION_LEVEL = 0;
				GCC_PREPROCESSOR_DEFINITIONS = (
					"DEBUG=1",
					"$(inherited)",
				);
				GCC_SYMBOLS_PRIVATE_EXTERN = NO;
				GCC_WARN_64_TO_32_BIT_CONVERSION = YES;
				GCC_WARN_ABOUT_RETURN_TYPE = YES_ERROR;
				GCC_WARN_UNDECLARED_SELECTOR = YES;
				GCC_WARN_UNINITIALIZED_AUTOS = YES_AGGRESSIVE;
				GCC_WARN_UNUSED_FUNCTION = YES;
				GCC_WARN_UNUSED_VARIABLE = YES;
				IPHONEOS_DEPLOYMENT_TARGET = 10.0;
				MTL_ENABLE_DEBUG_INFO = YES;
				ONLY_ACTIVE_ARCH = YES;
				SDKROOT = iphoneos;
				SWIFT_OPTIMIZATION_LEVEL = "-Onone";
				SWIFT_VERSION = 5.0;
			};
			name = Debug;
		};
		607FACEE1AFB9204008FA782 /* Release */ = {
			isa = XCBuildConfiguration;
			buildSettings = {
				ALWAYS_SEARCH_USER_PATHS = NO;
				CLANG_CXX_LANGUAGE_STANDARD = "gnu++0x";
				CLANG_CXX_LIBRARY = "libc++";
				CLANG_ENABLE_MODULES = YES;
				CLANG_ENABLE_OBJC_ARC = YES;
				CLANG_WARN_BLOCK_CAPTURE_AUTORELEASING = YES;
				CLANG_WARN_BOOL_CONVERSION = YES;
				CLANG_WARN_COMMA = YES;
				CLANG_WARN_CONSTANT_CONVERSION = YES;
				CLANG_WARN_DIRECT_OBJC_ISA_USAGE = YES_ERROR;
				CLANG_WARN_EMPTY_BODY = YES;
				CLANG_WARN_ENUM_CONVERSION = YES;
				CLANG_WARN_INFINITE_RECURSION = YES;
				CLANG_WARN_INT_CONVERSION = YES;
				CLANG_WARN_NON_LITERAL_NULL_CONVERSION = YES;
				CLANG_WARN_OBJC_LITERAL_CONVERSION = YES;
				CLANG_WARN_OBJC_ROOT_CLASS = YES_ERROR;
				CLANG_WARN_RANGE_LOOP_ANALYSIS = YES;
				CLANG_WARN_STRICT_PROTOTYPES = YES;
				CLANG_WARN_SUSPICIOUS_MOVE = YES;
				CLANG_WARN_UNREACHABLE_CODE = YES;
				CLANG_WARN__DUPLICATE_METHOD_MATCH = YES;
				"CODE_SIGN_IDENTITY[sdk=iphoneos*]" = "iPhone Developer";
				COPY_PHASE_STRIP = NO;
				DEBUG_INFORMATION_FORMAT = "dwarf-with-dsym";
				ENABLE_NS_ASSERTIONS = NO;
				ENABLE_STRICT_OBJC_MSGSEND = YES;
				GCC_C_LANGUAGE_STANDARD = gnu99;
				GCC_NO_COMMON_BLOCKS = YES;
				GCC_WARN_64_TO_32_BIT_CONVERSION = YES;
				GCC_WARN_ABOUT_RETURN_TYPE = YES_ERROR;
				GCC_WARN_UNDECLARED_SELECTOR = YES;
				GCC_WARN_UNINITIALIZED_AUTOS = YES_AGGRESSIVE;
				GCC_WARN_UNUSED_FUNCTION = YES;
				GCC_WARN_UNUSED_VARIABLE = YES;
				IPHONEOS_DEPLOYMENT_TARGET = 10.0;
				MTL_ENABLE_DEBUG_INFO = NO;
				SDKROOT = iphoneos;
				SWIFT_OPTIMIZATION_LEVEL = "-Owholemodule";
				SWIFT_VERSION = 5.0;
				VALIDATE_PRODUCT = YES;
			};
			name = Release;
		};
		607FACF01AFB9204008FA782 /* Debug */ = {
			isa = XCBuildConfiguration;
			baseConfigurationReference = FFE0E5150D0A102C79AE65DA /* Pods-QTableKit_Example.debug.xcconfig */;
			buildSettings = {
				ASSETCATALOG_COMPILER_APPICON_NAME = AppIcon;
				CLANG_ENABLE_MODULES = YES;
				CODE_SIGN_IDENTITY = "Apple Development";
				CODE_SIGN_STYLE = Automatic;
				DEVELOPMENT_TEAM = P73AC4F3PP;
				INFOPLIST_FILE = QTableKit/Info.plist;
				LD_RUNPATH_SEARCH_PATHS = "$(inherited) @executable_path/Frameworks";
				MODULE_NAME = ExampleApp;
				PRODUCT_BUNDLE_IDENTIFIER = com.dq.tabledemo;
				PRODUCT_NAME = "$(TARGET_NAME)";
				PROVISIONING_PROFILE_SPECIFIER = "";
				SWIFT_OBJC_BRIDGING_HEADER = "QTableKit/QTableKit_Example-Bridging-Header.h";
				SWIFT_OPTIMIZATION_LEVEL = "-Onone";
				SWIFT_SWIFT3_OBJC_INFERENCE = Default;
				SWIFT_VERSION = 5.0;
				TARGETED_DEVICE_FAMILY = "1,2";
			};
			name = Debug;
		};
		607FACF11AFB9204008FA782 /* Release */ = {
			isa = XCBuildConfiguration;
			baseConfigurationReference = AD13ED5450B2020137418152 /* Pods-QTableKit_Example.release.xcconfig */;
			buildSettings = {
				ASSETCATALOG_COMPILER_APPICON_NAME = AppIcon;
				CLANG_ENABLE_MODULES = YES;
				CODE_SIGN_IDENTITY = "iPhone Developer";
				CODE_SIGN_STYLE = Manual;
				DEVELOPMENT_TEAM = P73AC4F3PP;
				INFOPLIST_FILE = QTableKit/Info.plist;
				LD_RUNPATH_SEARCH_PATHS = "$(inherited) @executable_path/Frameworks";
				MODULE_NAME = ExampleApp;
				PRODUCT_BUNDLE_IDENTIFIER = com.dq.tabledemo;
				PRODUCT_NAME = "$(TARGET_NAME)";
				PROVISIONING_PROFILE_SPECIFIER = "dq-deve-profile20220323";
				SWIFT_OBJC_BRIDGING_HEADER = "QTableKit/QTableKit_Example-Bridging-Header.h";
				SWIFT_SWIFT3_OBJC_INFERENCE = Default;
				SWIFT_VERSION = 5.0;
				TARGETED_DEVICE_FAMILY = "1,2";
			};
			name = Release;
		};
/* End XCBuildConfiguration section */

/* Begin XCConfigurationList section */
		607FACCB1AFB9204008FA782 /* Build configuration list for PBXProject "QTableKit" */ = {
			isa = XCConfigurationList;
			buildConfigurations = (
				607FACED1AFB9204008FA782 /* Debug */,
				607FACEE1AFB9204008FA782 /* Release */,
			);
			defaultConfigurationIsVisible = 0;
			defaultConfigurationName = Release;
		};
		607FACEF1AFB9204008FA782 /* Build configuration list for PBXNativeTarget "QTableKit_Example" */ = {
			isa = XCConfigurationList;
			buildConfigurations = (
				607FACF01AFB9204008FA782 /* Debug */,
				607FACF11AFB9204008FA782 /* Release */,
			);
			defaultConfigurationIsVisible = 0;
			defaultConfigurationName = Release;
		};
/* End XCConfigurationList section */
	};
	rootObject = 607FACC81AFB9204008FA782 /* Project object */;
}
